
Microsoft Visual Studio Solution File, Format Version 12.00
# Visual Studio Version 16
VisualStudioVersion = 16.0.29318.209
MinimumVisualStudioVersion = 10.0.40219.1
Project("{FAE04EC0-301F-11D3-BF4B-00C04F79EFBC}") = "E_Commerce", "E_Commerce\E_Commerce.csproj", "{BF4DB84E-6DBC-4F4F-A937-9ED4CCAA42C4}"
EndProject
Global
	GlobalSection(SolutionConfigurationPlatforms) = preSolution
		Debug|Any CPU = Debug|Any CPU
		Release|Any CPU = Release|Any CPU
	EndGlobalSection
	GlobalSection(ProjectConfigurationPlatforms) = postSolution
		{BF4DB84E-6DBC-4F4F-A937-9ED4CCAA42C4}.Debug|Any CPU.ActiveCfg = Debug|Any CPU
		{BF4DB84E-6DBC-4F4F-A937-9ED4CCAA42C4}.Debug|Any CPU.Build.0 = Debug|Any CPU
		{BF4DB84E-6DBC-4F4F-A937-9ED4CCAA42C4}.Release|Any CPU.ActiveCfg = Release|Any CPU
		{BF4DB84E-6DBC-4F4F-A937-9ED4CCAA42C4}.Release|Any CPU.Build.0 = Release|Any CPU
	EndGlobalSection
	GlobalSection(SolutionProperties) = preSolution
		HideSolutionNode = FALSE
	EndGlobalSection
	GlobalSection(ExtensibilityGlobals) = postSolution
		SolutionGuid = {4335D5E7-3D04-40B4-87B5-6C5AFE9413F4}
	EndGlobalSection
EndGlobal
